ros2_orca:
  ros__parameters:
    robot_initial_positions: [
      0.8, 7.7,
      3.0, 6.7,
      5.3, 5.7,
      ]
    goal_positions: [
      30.0, 25.0,
      33.0, 27.0,
      35.0, 29.0,
    ]
    obstacle_positions: [
    14.0, 16.0, 1.0,
    14.0, 16.0, 3.0,
    14.0, 16.0, 5.0,
    14.0, 16.0, 7.0,
    15.0, 16.0, 1.0,
    15.0, 16.0, 3.0,
    15.0, 16.0, 5.0,
    15.0, 16.0, 7.0,
    14.0, 17.0, 1.0,
    14.0, 17.0, 3.0,
    14.0, 17.0, 5.0,
    14.0, 17.0, 7.0,
    15.0, 17.0, 1.0,
    15.0, 17.0, 3.0,
    15.0, 17.0, 5.0,
    15.0, 17.0, 7.0,
    15.0, 18.0, 1.0,
    15.0, 18.0, 3.0,
    15.0, 18.0, 5.0,
    15.0, 18.0, 7.0,
    16.0, 18.0, 1.0,
    16.0, 18.0, 3.0,
    16.0, 18.0, 5.0,
    16.0, 18.0, 7.0,
    15.0, 19.0, 1.0,
    15.0, 19.0, 3.0,
    15.0, 19.0, 5.0,
    15.0, 19.0, 7.0,
    16.0, 20.0, 1.0,
    16.0, 20.0, 3.0,
    16.0, 20.0, 5.0,
    16.0, 20.0, 7.0,
    17.0, 20.0, 1.0,
    17.0, 20.0, 3.0,
    17.0, 20.0, 5.0,
    17.0, 20.0, 7.0,
    16.0, 21.0, 1.0,
    16.0, 21.0, 3.0,
    16.0, 21.0, 5.0,
    16.0, 21.0, 7.0,
    17.0, 21.0, 1.0,
    17.0, 21.0, 3.0,
    17.0, 21.0, 5.0,
    17.0, 21.0, 7.0,
    17.0, 22.0, 1.0,
    17.0, 22.0, 3.0,
    17.0, 22.0, 5.0,
    17.0, 22.0, 7.0,
    18.0, 22.0, 1.0,
    18.0, 22.0, 3.0,
    18.0, 22.0, 5.0,
    18.0, 22.0, 7.0,
    17.0, 23.0, 1.0,
    17.0, 23.0, 3.0,
    17.0, 23.0, 5.0,
    17.0, 23.0, 7.0,
    18.0, 23.0, 1.0,
    18.0, 23.0, 3.0,
    18.0, 23.0, 5.0,
    18.0, 23.0, 7.0,
    18.0, 24.0, 1.0,
    18.0, 24.0, 3.0,
    18.0, 24.0, 5.0,
    18.0, 24.0, 7.0,
    19.0, 24.0, 1.0,
    19.0, 24.0, 3.0,
    19.0, 24.0, 5.0,
    19.0, 24.0, 7.0,
    18.0, 25.0, 1.0,
    18.0, 25.0, 3.0,
    18.0, 25.0, 5.0,
    18.0, 25.0, 7.0,
    19.0, 25.0, 1.0,
    19.0, 25.0, 3.0,
    19.0, 25.0, 5.0,
    19.0, 25.0, 7.0,
    19.0, 26.0, 1.0,
    19.0, 26.0, 3.0,
    19.0, 26.0, 5.0,
    19.0, 26.0, 7.0,
    20.0, 26.0, 1.0,
    20.0, 26.0, 3.0,
    20.0, 26.0, 5.0,
    20.0, 26.0, 7.0,
    19.0, 27.0, 1.0,
    19.0, 27.0, 3.0,
    19.0, 27.0, 5.0,
    19.0, 27.0, 7.0,
    20.0, 27.0, 1.0,
    20.0, 27.0, 3.0,
    20.0, 27.0, 5.0,
    20.0, 27.0, 7.0,
    20.0, 28.0, 1.0,
    20.0, 28.0, 3.0,
    20.0, 28.0, 5.0,
    20.0, 28.0, 7.0,
    21.0, 28.0, 1.0,
    21.0, 28.0, 3.0,
    21.0, 28.0, 5.0,
    21.0, 28.0, 7.0,
    20.0, 29.0, 1.0,
    20.0, 29.0, 3.0,
    20.0, 29.0, 5.0,
    20.0, 29.0, 7.0,
    21.0, 29.0, 1.0,
    21.0, 29.0, 3.0,
    21.0, 29.0, 5.0,
    21.0, 29.0, 7.0,
    ]
    time_step: 1.0
    num_robots: 3
    radius: 0.5
    deadlockOccurs: 10
    deadlock_threshold: 0.0001
    maxCycle: 2500
    neighborDist: 1.1
    maxNeighbors: 10
    timeHorizon: 1.1
    timeHorizonObst: 1.1
    maxSpeed: 2.0
    # random attack parameters
    randomAttackStart: 0
    randomAttackEnd: 231
    attackerIds: "1"
    numOfFalseMessages: 10
    positionMax: 5
    velocityMax: 2.5
    timeMin: 0
    timeMax: 100
    # falsification parameters
    minPosChange: -5.0
    maxPosChange: 5.0
    minVelChange: -2.5
    maxVelChange: 2.5
    victimRobotId: 2
    attackedRobotId: 2
    deadlockTimestep: 10
    deadlockPosChange: 0.01
    attackType: 1
    numberOfFalseMessage: 10
    falsificationRuns: 1
    falsificationIterations: 1000
    totalTimeStep: 230.50
    delayConstant: 2
    pointX: 7
    pointY: 6
    pointZ: 5
    benign_run: 1

RVO3D:
  ros__parameters:
    obstacle_positions_path: "/home/eastwest/dorca_ws/test_bed/work/ros2_ws/src/RVO2-3D/examples/obstacle_positions.txt"